
Microsoft Visual Studio Solution File, Format Version 12.00
# Visual Studio Version 17
VisualStudioVersion = 17.0.31903.59
MinimumVisualStudioVersion = 10.0.40219.1
Project("{2150E333-8FDC-42A3-9474-1A3956D46DE8}") = "src", "src", "{827E0CD3-B72D-47B6-A68D-7590B98EB39B}"
EndProject
Project("{FAE04EC0-301F-11D3-BF4B-00C04F79EFBC}") = "AuctionService", "src\AuctionService\AuctionService.csproj", "{614B7B72-EF25-4D60-A68E-818D6D0FDEEC}"
EndProject
Project("{FAE04EC0-301F-11D3-BF4B-00C04F79EFBC}") = "SearchService", "src\SearchService\SearchService.csproj", "{7E163DDA-31D8-472C-9FB1-57A1CD31EC85}"
EndProject
Project("{FAE04EC0-301F-11D3-BF4B-00C04F79EFBC}") = "Contracts", "src\Contracts\Contracts.csproj", "{F6C7472E-E9CC-431C-8877-4DF849E83260}"
EndProject
Project("{FAE04EC0-301F-11D3-BF4B-00C04F79EFBC}") = "IdentityService", "src\IdentityService\IdentityService.csproj", "{B517E21D-3BAC-4D8E-9B67-BB447CBC0072}"
EndProject
Project("{FAE04EC0-301F-11D3-BF4B-00C04F79EFBC}") = "GatewayService", "src\GatewayService\GatewayService.csproj", "{52BBB390-1B66-4EB3-A6B9-135FE8E72E6A}"
EndProject
Global
	GlobalSection(SolutionConfigurationPlatforms) = preSolution
		Debug|Any CPU = Debug|Any CPU
		Debug|x64 = Debug|x64
		Debug|x86 = Debug|x86
		Release|Any CPU = Release|Any CPU
		Release|x64 = Release|x64
		Release|x86 = Release|x86
	EndGlobalSection
	GlobalSection(ProjectConfigurationPlatforms) = postSolution
		{614B7B72-EF25-4D60-A68E-818D6D0FDEEC}.Debug|Any CPU.ActiveCfg = Debug|Any CPU
		{614B7B72-EF25-4D60-A68E-818D6D0FDEEC}.Debug|Any CPU.Build.0 = Debug|Any CPU
		{614B7B72-EF25-4D60-A68E-818D6D0FDEEC}.Debug|x64.ActiveCfg = Debug|Any CPU
		{614B7B72-EF25-4D60-A68E-818D6D0FDEEC}.Debug|x64.Build.0 = Debug|Any CPU
		{614B7B72-EF25-4D60-A68E-818D6D0FDEEC}.Debug|x86.ActiveCfg = Debug|Any CPU
		{614B7B72-EF25-4D60-A68E-818D6D0FDEEC}.Debug|x86.Build.0 = Debug|Any CPU
		{614B7B72-EF25-4D60-A68E-818D6D0FDEEC}.Release|Any CPU.ActiveCfg = Release|Any CPU
		{614B7B72-EF25-4D60-A68E-818D6D0FDEEC}.Release|Any CPU.Build.0 = Release|Any CPU
		{614B7B72-EF25-4D60-A68E-818D6D0FDEEC}.Release|x64.ActiveCfg = Release|Any CPU
		{614B7B72-EF25-4D60-A68E-818D6D0FDEEC}.Release|x64.Build.0 = Release|Any CPU
		{614B7B72-EF25-4D60-A68E-818D6D0FDEEC}.Release|x86.ActiveCfg = Release|Any CPU
		{614B7B72-EF25-4D60-A68E-818D6D0FDEEC}.Release|x86.Build.0 = Release|Any CPU
		{7E163DDA-31D8-472C-9FB1-57A1CD31EC85}.Debug|Any CPU.ActiveCfg = Debug|Any CPU
		{7E163DDA-31D8-472C-9FB1-57A1CD31EC85}.Debug|Any CPU.Build.0 = Debug|Any CPU
		{7E163DDA-31D8-472C-9FB1-57A1CD31EC85}.Debug|x64.ActiveCfg = Debug|Any CPU
		{7E163DDA-31D8-472C-9FB1-57A1CD31EC85}.Debug|x64.Build.0 = Debug|Any CPU
		{7E163DDA-31D8-472C-9FB1-57A1CD31EC85}.Debug|x86.ActiveCfg = Debug|Any CPU
		{7E163DDA-31D8-472C-9FB1-57A1CD31EC85}.Debug|x86.Build.0 = Debug|Any CPU
		{7E163DDA-31D8-472C-9FB1-57A1CD31EC85}.Release|Any CPU.ActiveCfg = Release|Any CPU
		{7E163DDA-31D8-472C-9FB1-57A1CD31EC85}.Release|Any CPU.Build.0 = Release|Any CPU
		{7E163DDA-31D8-472C-9FB1-57A1CD31EC85}.Release|x64.ActiveCfg = Release|Any CPU
		{7E163DDA-31D8-472C-9FB1-57A1CD31EC85}.Release|x64.Build.0 = Release|Any CPU
		{7E163DDA-31D8-472C-9FB1-57A1CD31EC85}.Release|x86.ActiveCfg = Release|Any CPU
		{7E163DDA-31D8-472C-9FB1-57A1CD31EC85}.Release|x86.Build.0 = Release|Any CPU
		{F6C7472E-E9CC-431C-8877-4DF849E83260}.Debug|Any CPU.ActiveCfg = Debug|Any CPU
		{F6C7472E-E9CC-431C-8877-4DF849E83260}.Debug|Any CPU.Build.0 = Debug|Any CPU
		{F6C7472E-E9CC-431C-8877-4DF849E83260}.Debug|x64.ActiveCfg = Debug|Any CPU
		{F6C7472E-E9CC-431C-8877-4DF849E83260}.Debug|x64.Build.0 = Debug|Any CPU
		{F6C7472E-E9CC-431C-8877-4DF849E83260}.Debug|x86.ActiveCfg = Debug|Any CPU
		{F6C7472E-E9CC-431C-8877-4DF849E83260}.Debug|x86.Build.0 = Debug|Any CPU
		{F6C7472E-E9CC-431C-8877-4DF849E83260}.Release|Any CPU.ActiveCfg = Release|Any CPU
		{F6C7472E-E9CC-431C-8877-4DF849E83260}.Release|Any CPU.Build.0 = Release|Any CPU
		{F6C7472E-E9CC-431C-8877-4DF849E83260}.Release|x64.ActiveCfg = Release|Any CPU
		{F6C7472E-E9CC-431C-8877-4DF849E83260}.Release|x64.Build.0 = Release|Any CPU
		{F6C7472E-E9CC-431C-8877-4DF849E83260}.Release|x86.ActiveCfg = Release|Any CPU
		{F6C7472E-E9CC-431C-8877-4DF849E83260}.Release|x86.Build.0 = Release|Any CPU
		{B517E21D-3BAC-4D8E-9B67-BB447CBC0072}.Debug|Any CPU.ActiveCfg = Debug|Any CPU
		{B517E21D-3BAC-4D8E-9B67-BB447CBC0072}.Debug|Any CPU.Build.0 = Debug|Any CPU
		{B517E21D-3BAC-4D8E-9B67-BB447CBC0072}.Debug|x64.ActiveCfg = Debug|Any CPU
		{B517E21D-3BAC-4D8E-9B67-BB447CBC0072}.Debug|x64.Build.0 = Debug|Any CPU
		{B517E21D-3BAC-4D8E-9B67-BB447CBC0072}.Debug|x86.ActiveCfg = Debug|Any CPU
		{B517E21D-3BAC-4D8E-9B67-BB447CBC0072}.Debug|x86.Build.0 = Debug|Any CPU
		{B517E21D-3BAC-4D8E-9B67-BB447CBC0072}.Release|Any CPU.ActiveCfg = Release|Any CPU
		{B517E21D-3BAC-4D8E-9B67-BB447CBC0072}.Release|Any CPU.Build.0 = Release|Any CPU
		{B517E21D-3BAC-4D8E-9B67-BB447CBC0072}.Release|x64.ActiveCfg = Release|Any CPU
		{B517E21D-3BAC-4D8E-9B67-BB447CBC0072}.Release|x64.Build.0 = Release|Any CPU
		{B517E21D-3BAC-4D8E-9B67-BB447CBC0072}.Release|x86.ActiveCfg = Release|Any CPU
		{B517E21D-3BAC-4D8E-9B67-BB447CBC0072}.Release|x86.Build.0 = Release|Any CPU
		{52BBB390-1B66-4EB3-A6B9-135FE8E72E6A}.Debug|Any CPU.ActiveCfg = Debug|Any CPU
		{52BBB390-1B66-4EB3-A6B9-135FE8E72E6A}.Debug|Any CPU.Build.0 = Debug|Any CPU
		{52BBB390-1B66-4EB3-A6B9-135FE8E72E6A}.Debug|x64.ActiveCfg = Debug|Any CPU
		{52BBB390-1B66-4EB3-A6B9-135FE8E72E6A}.Debug|x64.Build.0 = Debug|Any CPU
		{52BBB390-1B66-4EB3-A6B9-135FE8E72E6A}.Debug|x86.ActiveCfg = Debug|Any CPU
		{52BBB390-1B66-4EB3-A6B9-135FE8E72E6A}.Debug|x86.Build.0 = Debug|Any CPU
		{52BBB390-1B66-4EB3-A6B9-135FE8E72E6A}.Release|Any CPU.ActiveCfg = Release|Any CPU
		{52BBB390-1B66-4EB3-A6B9-135FE8E72E6A}.Release|Any CPU.Build.0 = Release|Any CPU
		{52BBB390-1B66-4EB3-A6B9-135FE8E72E6A}.Release|x64.ActiveCfg = Release|Any CPU
		{52BBB390-1B66-4EB3-A6B9-135FE8E72E6A}.Release|x64.Build.0 = Release|Any CPU
		{52BBB390-1B66-4EB3-A6B9-135FE8E72E6A}.Release|x86.ActiveCfg = Release|Any CPU
		{52BBB390-1B66-4EB3-A6B9-135FE8E72E6A}.Release|x86.Build.0 = Release|Any CPU
	EndGlobalSection
	GlobalSection(SolutionProperties) = preSolution
		HideSolutionNode = FALSE
	EndGlobalSection
	GlobalSection(NestedProjects) = preSolution
		{614B7B72-EF25-4D60-A68E-818D6D0FDEEC} = {827E0CD3-B72D-47B6-A68D-7590B98EB39B}
		{7E163DDA-31D8-472C-9FB1-57A1CD31EC85} = {827E0CD3-B72D-47B6-A68D-7590B98EB39B}
		{F6C7472E-E9CC-431C-8877-4DF849E83260} = {827E0CD3-B72D-47B6-A68D-7590B98EB39B}
		{B517E21D-3BAC-4D8E-9B67-BB447CBC0072} = {827E0CD3-B72D-47B6-A68D-7590B98EB39B}
		{52BBB390-1B66-4EB3-A6B9-135FE8E72E6A} = {827E0CD3-B72D-47B6-A68D-7590B98EB39B}
	EndGlobalSection
EndGlobal
